
Microsoft Visual Studio Solution File, Format Version 12.00
# Visual Studio 15
VisualStudioVersion = 15.0.27703.2026
MinimumVisualStudioVersion = 10.0.40219.1
Project("{FAE04EC0-301F-11D3-BF4B-00C04F79EFBC}") = "Text Football", "Text Football\Text Football.csproj", "{454756BF-6EC5-41D3-84B8-8CF7DF3B92D5}"
EndProject
Global
	GlobalSection(SolutionConfigurationPlatforms) = preSolution
		Debug|Any CPU = Debug|Any CPU
		Release|Any CPU = Release|Any CPU
	EndGlobalSection
	GlobalSection(ProjectConfigurationPlatforms) = postSolution
		{454756BF-6EC5-41D3-84B8-8CF7DF3B92D5}.Debug|Any CPU.ActiveCfg = Debug|Any CPU
		{454756BF-6EC5-41D3-84B8-8CF7DF3B92D5}.Debug|Any CPU.Build.0 = Debug|Any CPU
		{454756BF-6EC5-41D3-84B8-8CF7DF3B92D5}.Release|Any CPU.ActiveCfg = Release|Any CPU
		{454756BF-6EC5-41D3-84B8-8CF7DF3B92D5}.Release|Any CPU.Build.0 = Release|Any CPU
	EndGlobalSection
	GlobalSection(SolutionProperties) = preSolution
		HideSolutionNode = FALSE
	EndGlobalSection
	GlobalSection(ExtensibilityGlobals) = postSolution
		SolutionGuid = {629F6B97-B509-4030-AB69-290C7DD985AA}
	EndGlobalSection
EndGlobal
